
Microsoft Visual Studio Solution File, Format Version 12.00
# Visual Studio Version 16
VisualStudioVersion = 16.0.810.9
MinimumVisualStudioVersion = 10.0.40219.1
Project("{FAE04EC0-301F-11D3-BF4B-00C04F79EFBC}") = "Online_Store", "Online_Store\Online_Store.csproj", "{7505EDE5-7654-443D-A21A-C4CED66C15CD}"
EndProject
Global
	GlobalSection(SolutionConfigurationPlatforms) = preSolution
		Debug|Any CPU = Debug|Any CPU
		Release|Any CPU = Release|Any CPU
	EndGlobalSection
	GlobalSection(ProjectConfigurationPlatforms) = postSolution
		{7505EDE5-7654-443D-A21A-C4CED66C15CD}.Debug|Any CPU.ActiveCfg = Debug|Any CPU
		{7505EDE5-7654-443D-A21A-C4CED66C15CD}.Debug|Any CPU.Build.0 = Debug|Any CPU
		{7505EDE5-7654-443D-A21A-C4CED66C15CD}.Release|Any CPU.ActiveCfg = Release|Any CPU
		{7505EDE5-7654-443D-A21A-C4CED66C15CD}.Release|Any CPU.Build.0 = Release|Any CPU
	EndGlobalSection
	GlobalSection(SolutionProperties) = preSolution
		HideSolutionNode = FALSE
	EndGlobalSection
	GlobalSection(ExtensibilityGlobals) = postSolution
		SolutionGuid = {D9C5F1A3-359A-4199-B27A-D994776D5BB0}
	EndGlobalSection
EndGlobal
